
Microsoft Visual Studio Solution File, Format Version 11.00
# Visual Studio 2010
Project("{FAE04EC0-301F-11D3-BF4B-00C04F79EFBC}") = "MIProgram.Core", "MIProgram.Core\MIProgram.Core.csproj", "{3A4D0883-4252-4F77-87D9-75838295557D}"
EndProject
Project("{FAE04EC0-301F-11D3-BF4B-00C04F79EFBC}") = "MetalImpactApp", "MetalImpactApp\MetalImpactApp.csproj", "{7E60AE88-FB2E-45CB-B19E-B500CC9F2242}"
EndProject
Project("{2150E333-8FDC-42A3-9474-1A3956D46DE8}") = "Dictionnaires", "Dictionnaires", "{7C9DF69E-B1BB-40DA-B1D3-D6B0CE8B3F16}"
	ProjectSection(SolutionItems) = preProject
		Dictionnaires\albumTypes.txt = Dictionnaires\albumTypes.txt
		Dictionnaires\albumTypesReplacements.csv = Dictionnaires\albumTypesReplacements.csv
		Dictionnaires\countriesLabelsReplacements.csv = Dictionnaires\countriesLabelsReplacements.csv
		Dictionnaires\coutriesList.csv = Dictionnaires\coutriesList.csv
		Dictionnaires\mainStyles.txt = Dictionnaires\mainStyles.txt
		Dictionnaires\mainStylesReplacements.csv = Dictionnaires\mainStylesReplacements.csv
		Dictionnaires\musicGenres.txt = Dictionnaires\musicGenres.txt
		Dictionnaires\musicGenresReplacements.csv = Dictionnaires\musicGenresReplacements.csv
		Dictionnaires\splittingStrings.txt = Dictionnaires\splittingStrings.txt
		Dictionnaires\styleAlterations.txt = Dictionnaires\styleAlterations.txt
		Dictionnaires\styleAlterationsReplacements.csv = Dictionnaires\styleAlterationsReplacements.csv
	EndProjectSection
EndProject
Global
	GlobalSection(SolutionConfigurationPlatforms) = preSolution
		Debug|Any CPU = Debug|Any CPU
		Release|Any CPU = Release|Any CPU
	EndGlobalSection
	GlobalSection(ProjectConfigurationPlatforms) = postSolution
		{3A4D0883-4252-4F77-87D9-75838295557D}.Debug|Any CPU.ActiveCfg = Debug|Any CPU
		{3A4D0883-4252-4F77-87D9-75838295557D}.Debug|Any CPU.Build.0 = Debug|Any CPU
		{3A4D0883-4252-4F77-87D9-75838295557D}.Release|Any CPU.ActiveCfg = Release|Any CPU
		{3A4D0883-4252-4F77-87D9-75838295557D}.Release|Any CPU.Build.0 = Release|Any CPU
		{7E60AE88-FB2E-45CB-B19E-B500CC9F2242}.Debug|Any CPU.ActiveCfg = Debug|Any CPU
		{7E60AE88-FB2E-45CB-B19E-B500CC9F2242}.Debug|Any CPU.Build.0 = Debug|Any CPU
		{7E60AE88-FB2E-45CB-B19E-B500CC9F2242}.Release|Any CPU.ActiveCfg = Release|Any CPU
		{7E60AE88-FB2E-45CB-B19E-B500CC9F2242}.Release|Any CPU.Build.0 = Release|Any CPU
	EndGlobalSection
	GlobalSection(SolutionProperties) = preSolution
		HideSolutionNode = FALSE
	EndGlobalSection
EndGlobal
